
Microsoft Visual Studio Solution File, Format Version 12.00
# Visual Studio 14
VisualStudioVersion = 14.0.24720.0
MinimumVisualStudioVersion = 10.0.40219.1
Project("{FAE04EC0-301F-11D3-BF4B-00C04F79EFBC}") = "SmartRacer", "SmartRacer\SmartRacer.csproj", "{452BDF53-855A-4A7E-AB16-54AB7268C3DC}"
EndProject
Project("{8BC9CEB8-8B4A-11D0-8D11-00A0C91BC942}") = "SmartRacer.WinRT", "SmartRacerWinRT\SmartRacerWinRT.vcxproj", "{13A3830F-ACA1-488D-92BF-E10BC7471524}"
EndProject
Project("{FAE04EC0-301F-11D3-BF4B-00C04F79EFBC}") = "SmartRacer.Shared.WinRT", "SmartRacerShared\SmartRacer.Shared.WinRT.csproj", "{81A3CA5D-FB53-434C-A2BD-B99A561D4A9E}"
EndProject
Project("{FAE04EC0-301F-11D3-BF4B-00C04F79EFBC}") = "SmartRacer.Shared", "SmartRacer.Shared\SmartRacer.Shared.csproj", "{C77ED021-1875-4C67-919B-6C6E3608B853}"
EndProject
Project("{FAE04EC0-301F-11D3-BF4B-00C04F79EFBC}") = "BleZee", "BleZee\BleZee.csproj", "{6F374AB9-06AE-40E8-B84D-B022B664C0CE}"
EndProject
Project("{8BC9CEB8-8B4A-11D0-8D11-00A0C91BC942}") = "BleZee.WinRT", "BleZeeWinRT\BleZeeWinRT.vcxproj", "{0B3E44EF-A4E3-45CB-8152-E6B50C0412D2}"
EndProject
Project("{2150E333-8FDC-42A3-9474-1A3956D46DE8}") = "WindowsPhone", "WindowsPhone", "{5F13CC4E-27ED-4A17-A3EF-3B45B1D55670}"
EndProject
Project("{2150E333-8FDC-42A3-9474-1A3956D46DE8}") = "WindowsRT", "WindowsRT", "{809A17C4-257B-46FC-879C-9619E3923053}"
EndProject
Global
	GlobalSection(SubversionScc) = preSolution
		Svn-Managed = True
		Manager = AnkhSVN - Subversion Support for Visual Studio
	EndGlobalSection
	GlobalSection(SolutionConfigurationPlatforms) = preSolution
		Debug|Any CPU = Debug|Any CPU
		Debug|ARM = Debug|ARM
		Debug|Mixed Platforms = Debug|Mixed Platforms
		Debug|Win32 = Debug|Win32
		Debug|x64 = Debug|x64
		Debug|x86 = Debug|x86
		Release|Any CPU = Release|Any CPU
		Release|ARM = Release|ARM
		Release|Mixed Platforms = Release|Mixed Platforms
		Release|Win32 = Release|Win32
		Release|x64 = Release|x64
		Release|x86 = Release|x86
	EndGlobalSection
	GlobalSection(ProjectConfigurationPlatforms) = postSolution
		{452BDF53-855A-4A7E-AB16-54AB7268C3DC}.Debug|Any CPU.ActiveCfg = Debug|Any CPU
		{452BDF53-855A-4A7E-AB16-54AB7268C3DC}.Debug|Any CPU.Build.0 = Debug|Any CPU
		{452BDF53-855A-4A7E-AB16-54AB7268C3DC}.Debug|Any CPU.Deploy.0 = Debug|Any CPU
		{452BDF53-855A-4A7E-AB16-54AB7268C3DC}.Debug|ARM.ActiveCfg = Debug|ARM
		{452BDF53-855A-4A7E-AB16-54AB7268C3DC}.Debug|ARM.Build.0 = Debug|ARM
		{452BDF53-855A-4A7E-AB16-54AB7268C3DC}.Debug|ARM.Deploy.0 = Debug|ARM
		{452BDF53-855A-4A7E-AB16-54AB7268C3DC}.Debug|Mixed Platforms.ActiveCfg = Debug|ARM
		{452BDF53-855A-4A7E-AB16-54AB7268C3DC}.Debug|Mixed Platforms.Build.0 = Debug|ARM
		{452BDF53-855A-4A7E-AB16-54AB7268C3DC}.Debug|Mixed Platforms.Deploy.0 = Debug|ARM
		{452BDF53-855A-4A7E-AB16-54AB7268C3DC}.Debug|Win32.ActiveCfg = Debug|x86
		{452BDF53-855A-4A7E-AB16-54AB7268C3DC}.Debug|Win32.Build.0 = Debug|x86
		{452BDF53-855A-4A7E-AB16-54AB7268C3DC}.Debug|Win32.Deploy.0 = Debug|x86
		{452BDF53-855A-4A7E-AB16-54AB7268C3DC}.Debug|x64.ActiveCfg = Debug|Any CPU
		{452BDF53-855A-4A7E-AB16-54AB7268C3DC}.Debug|x86.ActiveCfg = Debug|x86
		{452BDF53-855A-4A7E-AB16-54AB7268C3DC}.Debug|x86.Build.0 = Debug|x86
		{452BDF53-855A-4A7E-AB16-54AB7268C3DC}.Debug|x86.Deploy.0 = Debug|x86
		{452BDF53-855A-4A7E-AB16-54AB7268C3DC}.Release|Any CPU.ActiveCfg = Release|Any CPU
		{452BDF53-855A-4A7E-AB16-54AB7268C3DC}.Release|Any CPU.Build.0 = Release|Any CPU
		{452BDF53-855A-4A7E-AB16-54AB7268C3DC}.Release|Any CPU.Deploy.0 = Release|Any CPU
		{452BDF53-855A-4A7E-AB16-54AB7268C3DC}.Release|ARM.ActiveCfg = Release|ARM
		{452BDF53-855A-4A7E-AB16-54AB7268C3DC}.Release|ARM.Build.0 = Release|ARM
		{452BDF53-855A-4A7E-AB16-54AB7268C3DC}.Release|ARM.Deploy.0 = Release|ARM
		{452BDF53-855A-4A7E-AB16-54AB7268C3DC}.Release|Mixed Platforms.ActiveCfg = Release|x86
		{452BDF53-855A-4A7E-AB16-54AB7268C3DC}.Release|Mixed Platforms.Build.0 = Release|x86
		{452BDF53-855A-4A7E-AB16-54AB7268C3DC}.Release|Mixed Platforms.Deploy.0 = Release|x86
		{452BDF53-855A-4A7E-AB16-54AB7268C3DC}.Release|Win32.ActiveCfg = Release|x86
		{452BDF53-855A-4A7E-AB16-54AB7268C3DC}.Release|Win32.Build.0 = Release|x86
		{452BDF53-855A-4A7E-AB16-54AB7268C3DC}.Release|Win32.Deploy.0 = Release|x86
		{452BDF53-855A-4A7E-AB16-54AB7268C3DC}.Release|x64.ActiveCfg = Release|Any CPU
		{452BDF53-855A-4A7E-AB16-54AB7268C3DC}.Release|x86.ActiveCfg = Release|x86
		{452BDF53-855A-4A7E-AB16-54AB7268C3DC}.Release|x86.Build.0 = Release|x86
		{452BDF53-855A-4A7E-AB16-54AB7268C3DC}.Release|x86.Deploy.0 = Release|x86
		{13A3830F-ACA1-488D-92BF-E10BC7471524}.Debug|Any CPU.ActiveCfg = Debug|Win32
		{13A3830F-ACA1-488D-92BF-E10BC7471524}.Debug|Any CPU.Build.0 = Debug|Win32
		{13A3830F-ACA1-488D-92BF-E10BC7471524}.Debug|Any CPU.Deploy.0 = Debug|Win32
		{13A3830F-ACA1-488D-92BF-E10BC7471524}.Debug|ARM.ActiveCfg = Debug|ARM
		{13A3830F-ACA1-488D-92BF-E10BC7471524}.Debug|ARM.Build.0 = Debug|ARM
		{13A3830F-ACA1-488D-92BF-E10BC7471524}.Debug|ARM.Deploy.0 = Debug|ARM
		{13A3830F-ACA1-488D-92BF-E10BC7471524}.Debug|Mixed Platforms.ActiveCfg = Debug|Win32
		{13A3830F-ACA1-488D-92BF-E10BC7471524}.Debug|Mixed Platforms.Build.0 = Debug|Win32
		{13A3830F-ACA1-488D-92BF-E10BC7471524}.Debug|Mixed Platforms.Deploy.0 = Debug|Win32
		{13A3830F-ACA1-488D-92BF-E10BC7471524}.Debug|Win32.ActiveCfg = Debug|Win32
		{13A3830F-ACA1-488D-92BF-E10BC7471524}.Debug|Win32.Build.0 = Debug|Win32
		{13A3830F-ACA1-488D-92BF-E10BC7471524}.Debug|Win32.Deploy.0 = Debug|Win32
		{13A3830F-ACA1-488D-92BF-E10BC7471524}.Debug|x64.ActiveCfg = Debug|x64
		{13A3830F-ACA1-488D-92BF-E10BC7471524}.Debug|x64.Build.0 = Debug|x64
		{13A3830F-ACA1-488D-92BF-E10BC7471524}.Debug|x64.Deploy.0 = Debug|x64
		{13A3830F-ACA1-488D-92BF-E10BC7471524}.Debug|x86.ActiveCfg = Debug|Win32
		{13A3830F-ACA1-488D-92BF-E10BC7471524}.Debug|x86.Build.0 = Debug|Win32
		{13A3830F-ACA1-488D-92BF-E10BC7471524}.Debug|x86.Deploy.0 = Debug|Win32
		{13A3830F-ACA1-488D-92BF-E10BC7471524}.Release|Any CPU.ActiveCfg = Release|Win32
		{13A3830F-ACA1-488D-92BF-E10BC7471524}.Release|ARM.ActiveCfg = Release|ARM
		{13A3830F-ACA1-488D-92BF-E10BC7471524}.Release|ARM.Build.0 = Release|ARM
		{13A3830F-ACA1-488D-92BF-E10BC7471524}.Release|ARM.Deploy.0 = Release|ARM
		{13A3830F-ACA1-488D-92BF-E10BC7471524}.Release|Mixed Platforms.ActiveCfg = Release|Win32
		{13A3830F-ACA1-488D-92BF-E10BC7471524}.Release|Mixed Platforms.Build.0 = Release|Win32
		{13A3830F-ACA1-488D-92BF-E10BC7471524}.Release|Mixed Platforms.Deploy.0 = Release|Win32
		{13A3830F-ACA1-488D-92BF-E10BC7471524}.Release|Win32.ActiveCfg = Release|Win32
		{13A3830F-ACA1-488D-92BF-E10BC7471524}.Release|Win32.Build.0 = Release|Win32
		{13A3830F-ACA1-488D-92BF-E10BC7471524}.Release|Win32.Deploy.0 = Release|Win32
		{13A3830F-ACA1-488D-92BF-E10BC7471524}.Release|x64.ActiveCfg = Release|x64
		{13A3830F-ACA1-488D-92BF-E10BC7471524}.Release|x64.Build.0 = Release|x64
		{13A3830F-ACA1-488D-92BF-E10BC7471524}.Release|x64.Deploy.0 = Release|x64
		{13A3830F-ACA1-488D-92BF-E10BC7471524}.Release|x86.ActiveCfg = Release|Win32
		{13A3830F-ACA1-488D-92BF-E10BC7471524}.Release|x86.Build.0 = Release|Win32
		{13A3830F-ACA1-488D-92BF-E10BC7471524}.Release|x86.Deploy.0 = Release|Win32
		{81A3CA5D-FB53-434C-A2BD-B99A561D4A9E}.Debug|Any CPU.ActiveCfg = Debug|Any CPU
		{81A3CA5D-FB53-434C-A2BD-B99A561D4A9E}.Debug|Any CPU.Build.0 = Debug|Any CPU
		{81A3CA5D-FB53-434C-A2BD-B99A561D4A9E}.Debug|Any CPU.Deploy.0 = Debug|Any CPU
		{81A3CA5D-FB53-434C-A2BD-B99A561D4A9E}.Debug|ARM.ActiveCfg = Debug|Any CPU
		{81A3CA5D-FB53-434C-A2BD-B99A561D4A9E}.Debug|Mixed Platforms.ActiveCfg = Debug|Any CPU
		{81A3CA5D-FB53-434C-A2BD-B99A561D4A9E}.Debug|Mixed Platforms.Build.0 = Debug|Any CPU
		{81A3CA5D-FB53-434C-A2BD-B99A561D4A9E}.Debug|Win32.ActiveCfg = Debug|Any CPU
		{81A3CA5D-FB53-434C-A2BD-B99A561D4A9E}.Debug|x64.ActiveCfg = Debug|Any CPU
		{81A3CA5D-FB53-434C-A2BD-B99A561D4A9E}.Debug|x86.ActiveCfg = Debug|Any CPU
		{81A3CA5D-FB53-434C-A2BD-B99A561D4A9E}.Release|Any CPU.ActiveCfg = Release|Any CPU
		{81A3CA5D-FB53-434C-A2BD-B99A561D4A9E}.Release|Any CPU.Build.0 = Release|Any CPU
		{81A3CA5D-FB53-434C-A2BD-B99A561D4A9E}.Release|ARM.ActiveCfg = Release|Any CPU
		{81A3CA5D-FB53-434C-A2BD-B99A561D4A9E}.Release|Mixed Platforms.ActiveCfg = Release|Any CPU
		{81A3CA5D-FB53-434C-A2BD-B99A561D4A9E}.Release|Mixed Platforms.Build.0 = Release|Any CPU
		{81A3CA5D-FB53-434C-A2BD-B99A561D4A9E}.Release|Win32.ActiveCfg = Release|Any CPU
		{81A3CA5D-FB53-434C-A2BD-B99A561D4A9E}.Release|x64.ActiveCfg = Release|Any CPU
		{81A3CA5D-FB53-434C-A2BD-B99A561D4A9E}.Release|x86.ActiveCfg = Release|Any CPU
		{C77ED021-1875-4C67-919B-6C6E3608B853}.Debug|Any CPU.ActiveCfg = Debug|Any CPU
		{C77ED021-1875-4C67-919B-6C6E3608B853}.Debug|Any CPU.Build.0 = Debug|Any CPU
		{C77ED021-1875-4C67-919B-6C6E3608B853}.Debug|ARM.ActiveCfg = Debug|ARM
		{C77ED021-1875-4C67-919B-6C6E3608B853}.Debug|ARM.Build.0 = Debug|ARM
		{C77ED021-1875-4C67-919B-6C6E3608B853}.Debug|Mixed Platforms.ActiveCfg = Debug|ARM
		{C77ED021-1875-4C67-919B-6C6E3608B853}.Debug|Mixed Platforms.Build.0 = Debug|ARM
		{C77ED021-1875-4C67-919B-6C6E3608B853}.Debug|Win32.ActiveCfg = Debug|x86
		{C77ED021-1875-4C67-919B-6C6E3608B853}.Debug|Win32.Build.0 = Debug|x86
		{C77ED021-1875-4C67-919B-6C6E3608B853}.Debug|x64.ActiveCfg = Debug|Any CPU
		{C77ED021-1875-4C67-919B-6C6E3608B853}.Debug|x64.Build.0 = Debug|Any CPU
		{C77ED021-1875-4C67-919B-6C6E3608B853}.Debug|x86.ActiveCfg = Debug|x86
		{C77ED021-1875-4C67-919B-6C6E3608B853}.Debug|x86.Build.0 = Debug|x86
		{C77ED021-1875-4C67-919B-6C6E3608B853}.Release|Any CPU.ActiveCfg = Release|Any CPU
		{C77ED021-1875-4C67-919B-6C6E3608B853}.Release|Any CPU.Build.0 = Release|Any CPU
		{C77ED021-1875-4C67-919B-6C6E3608B853}.Release|ARM.ActiveCfg = Release|ARM
		{C77ED021-1875-4C67-919B-6C6E3608B853}.Release|ARM.Build.0 = Release|ARM
		{C77ED021-1875-4C67-919B-6C6E3608B853}.Release|Mixed Platforms.ActiveCfg = Release|x86
		{C77ED021-1875-4C67-919B-6C6E3608B853}.Release|Mixed Platforms.Build.0 = Release|x86
		{C77ED021-1875-4C67-919B-6C6E3608B853}.Release|Win32.ActiveCfg = Release|x86
		{C77ED021-1875-4C67-919B-6C6E3608B853}.Release|Win32.Build.0 = Release|x86
		{C77ED021-1875-4C67-919B-6C6E3608B853}.Release|x64.ActiveCfg = Release|Any CPU
		{C77ED021-1875-4C67-919B-6C6E3608B853}.Release|x64.Build.0 = Release|Any CPU
		{C77ED021-1875-4C67-919B-6C6E3608B853}.Release|x86.ActiveCfg = Release|x86
		{C77ED021-1875-4C67-919B-6C6E3608B853}.Release|x86.Build.0 = Release|x86
		{6F374AB9-06AE-40E8-B84D-B022B664C0CE}.Debug|Any CPU.ActiveCfg = Debug|Any CPU
		{6F374AB9-06AE-40E8-B84D-B022B664C0CE}.Debug|Any CPU.Build.0 = Debug|Any CPU
		{6F374AB9-06AE-40E8-B84D-B022B664C0CE}.Debug|Any CPU.Deploy.0 = Debug|Any CPU
		{6F374AB9-06AE-40E8-B84D-B022B664C0CE}.Debug|ARM.ActiveCfg = Debug|ARM
		{6F374AB9-06AE-40E8-B84D-B022B664C0CE}.Debug|ARM.Build.0 = Debug|ARM
		{6F374AB9-06AE-40E8-B84D-B022B664C0CE}.Debug|ARM.Deploy.0 = Debug|ARM
		{6F374AB9-06AE-40E8-B84D-B022B664C0CE}.Debug|Mixed Platforms.ActiveCfg = Debug|x86
		{6F374AB9-06AE-40E8-B84D-B022B664C0CE}.Debug|Mixed Platforms.Build.0 = Debug|x86
		{6F374AB9-06AE-40E8-B84D-B022B664C0CE}.Debug|Mixed Platforms.Deploy.0 = Debug|x86
		{6F374AB9-06AE-40E8-B84D-B022B664C0CE}.Debug|Win32.ActiveCfg = Debug|x86
		{6F374AB9-06AE-40E8-B84D-B022B664C0CE}.Debug|Win32.Build.0 = Debug|x86
		{6F374AB9-06AE-40E8-B84D-B022B664C0CE}.Debug|Win32.Deploy.0 = Debug|x86
		{6F374AB9-06AE-40E8-B84D-B022B664C0CE}.Debug|x64.ActiveCfg = Debug|Any CPU
		{6F374AB9-06AE-40E8-B84D-B022B664C0CE}.Debug|x64.Build.0 = Debug|Any CPU
		{6F374AB9-06AE-40E8-B84D-B022B664C0CE}.Debug|x64.Deploy.0 = Debug|Any CPU
		{6F374AB9-06AE-40E8-B84D-B022B664C0CE}.Debug|x86.ActiveCfg = Debug|x86
		{6F374AB9-06AE-40E8-B84D-B022B664C0CE}.Debug|x86.Build.0 = Debug|x86
		{6F374AB9-06AE-40E8-B84D-B022B664C0CE}.Debug|x86.Deploy.0 = Debug|x86
		{6F374AB9-06AE-40E8-B84D-B022B664C0CE}.Release|Any CPU.ActiveCfg = Release|Any CPU
		{6F374AB9-06AE-40E8-B84D-B022B664C0CE}.Release|Any CPU.Build.0 = Release|Any CPU
		{6F374AB9-06AE-40E8-B84D-B022B664C0CE}.Release|Any CPU.Deploy.0 = Release|Any CPU
		{6F374AB9-06AE-40E8-B84D-B022B664C0CE}.Release|ARM.ActiveCfg = Release|ARM
		{6F374AB9-06AE-40E8-B84D-B022B664C0CE}.Release|ARM.Build.0 = Release|ARM
		{6F374AB9-06AE-40E8-B84D-B022B664C0CE}.Release|ARM.Deploy.0 = Release|ARM
		{6F374AB9-06AE-40E8-B84D-B022B664C0CE}.Release|Mixed Platforms.ActiveCfg = Release|x86
		{6F374AB9-06AE-40E8-B84D-B022B664C0CE}.Release|Mixed Platforms.Build.0 = Release|x86
		{6F374AB9-06AE-40E8-B84D-B022B664C0CE}.Release|Mixed Platforms.Deploy.0 = Release|x86
		{6F374AB9-06AE-40E8-B84D-B022B664C0CE}.Release|Win32.ActiveCfg = Release|x86
		{6F374AB9-06AE-40E8-B84D-B022B664C0CE}.Release|Win32.Build.0 = Release|x86
		{6F374AB9-06AE-40E8-B84D-B022B664C0CE}.Release|Win32.Deploy.0 = Release|x86
		{6F374AB9-06AE-40E8-B84D-B022B664C0CE}.Release|x64.ActiveCfg = Release|Any CPU
		{6F374AB9-06AE-40E8-B84D-B022B664C0CE}.Release|x64.Build.0 = Release|Any CPU
		{6F374AB9-06AE-40E8-B84D-B022B664C0CE}.Release|x64.Deploy.0 = Release|Any CPU
		{6F374AB9-06AE-40E8-B84D-B022B664C0CE}.Release|x86.ActiveCfg = Release|x86
		{6F374AB9-06AE-40E8-B84D-B022B664C0CE}.Release|x86.Build.0 = Release|x86
		{6F374AB9-06AE-40E8-B84D-B022B664C0CE}.Release|x86.Deploy.0 = Release|x86
		{0B3E44EF-A4E3-45CB-8152-E6B50C0412D2}.Debug|Any CPU.ActiveCfg = Debug|Win32
		{0B3E44EF-A4E3-45CB-8152-E6B50C0412D2}.Debug|ARM.ActiveCfg = Debug|ARM
		{0B3E44EF-A4E3-45CB-8152-E6B50C0412D2}.Debug|ARM.Build.0 = Debug|ARM
		{0B3E44EF-A4E3-45CB-8152-E6B50C0412D2}.Debug|ARM.Deploy.0 = Debug|ARM
		{0B3E44EF-A4E3-45CB-8152-E6B50C0412D2}.Debug|Mixed Platforms.ActiveCfg = Debug|Win32
		{0B3E44EF-A4E3-45CB-8152-E6B50C0412D2}.Debug|Mixed Platforms.Build.0 = Debug|Win32
		{0B3E44EF-A4E3-45CB-8152-E6B50C0412D2}.Debug|Mixed Platforms.Deploy.0 = Debug|Win32
		{0B3E44EF-A4E3-45CB-8152-E6B50C0412D2}.Debug|Win32.ActiveCfg = Debug|Win32
		{0B3E44EF-A4E3-45CB-8152-E6B50C0412D2}.Debug|Win32.Build.0 = Debug|Win32
		{0B3E44EF-A4E3-45CB-8152-E6B50C0412D2}.Debug|Win32.Deploy.0 = Debug|Win32
		{0B3E44EF-A4E3-45CB-8152-E6B50C0412D2}.Debug|x64.ActiveCfg = Debug|x64
		{0B3E44EF-A4E3-45CB-8152-E6B50C0412D2}.Debug|x64.Build.0 = Debug|x64
		{0B3E44EF-A4E3-45CB-8152-E6B50C0412D2}.Debug|x64.Deploy.0 = Debug|x64
		{0B3E44EF-A4E3-45CB-8152-E6B50C0412D2}.Debug|x86.ActiveCfg = Debug|Win32
		{0B3E44EF-A4E3-45CB-8152-E6B50C0412D2}.Debug|x86.Build.0 = Debug|Win32
		{0B3E44EF-A4E3-45CB-8152-E6B50C0412D2}.Debug|x86.Deploy.0 = Debug|Win32
		{0B3E44EF-A4E3-45CB-8152-E6B50C0412D2}.Release|Any CPU.ActiveCfg = Release|Win32
		{0B3E44EF-A4E3-45CB-8152-E6B50C0412D2}.Release|ARM.ActiveCfg = Release|ARM
		{0B3E44EF-A4E3-45CB-8152-E6B50C0412D2}.Release|ARM.Build.0 = Release|ARM
		{0B3E44EF-A4E3-45CB-8152-E6B50C0412D2}.Release|ARM.Deploy.0 = Release|ARM
		{0B3E44EF-A4E3-45CB-8152-E6B50C0412D2}.Release|Mixed Platforms.ActiveCfg = Release|Win32
		{0B3E44EF-A4E3-45CB-8152-E6B50C0412D2}.Release|Mixed Platforms.Build.0 = Release|Win32
		{0B3E44EF-A4E3-45CB-8152-E6B50C0412D2}.Release|Mixed Platforms.Deploy.0 = Release|Win32
		{0B3E44EF-A4E3-45CB-8152-E6B50C0412D2}.Release|Win32.ActiveCfg = Release|Win32
		{0B3E44EF-A4E3-45CB-8152-E6B50C0412D2}.Release|Win32.Build.0 = Release|Win32
		{0B3E44EF-A4E3-45CB-8152-E6B50C0412D2}.Release|Win32.Deploy.0 = Release|Win32
		{0B3E44EF-A4E3-45CB-8152-E6B50C0412D2}.Release|x64.ActiveCfg = Release|x64
		{0B3E44EF-A4E3-45CB-8152-E6B50C0412D2}.Release|x64.Build.0 = Release|x64
		{0B3E44EF-A4E3-45CB-8152-E6B50C0412D2}.Release|x64.Deploy.0 = Release|x64
		{0B3E44EF-A4E3-45CB-8152-E6B50C0412D2}.Release|x86.ActiveCfg = Release|Win32
		{0B3E44EF-A4E3-45CB-8152-E6B50C0412D2}.Release|x86.Build.0 = Release|Win32
		{0B3E44EF-A4E3-45CB-8152-E6B50C0412D2}.Release|x86.Deploy.0 = Release|Win32
	EndGlobalSection
	GlobalSection(SolutionProperties) = preSolution
		HideSolutionNode = FALSE
	EndGlobalSection
	GlobalSection(NestedProjects) = preSolution
		{452BDF53-855A-4A7E-AB16-54AB7268C3DC} = {5F13CC4E-27ED-4A17-A3EF-3B45B1D55670}
		{13A3830F-ACA1-488D-92BF-E10BC7471524} = {809A17C4-257B-46FC-879C-9619E3923053}
		{81A3CA5D-FB53-434C-A2BD-B99A561D4A9E} = {809A17C4-257B-46FC-879C-9619E3923053}
		{C77ED021-1875-4C67-919B-6C6E3608B853} = {5F13CC4E-27ED-4A17-A3EF-3B45B1D55670}
		{6F374AB9-06AE-40E8-B84D-B022B664C0CE} = {5F13CC4E-27ED-4A17-A3EF-3B45B1D55670}
		{0B3E44EF-A4E3-45CB-8152-E6B50C0412D2} = {809A17C4-257B-46FC-879C-9619E3923053}
	EndGlobalSection
EndGlobal
